
Microsoft Visual Studio Solution File, Format Version 12.00
# Visual Studio Version 17
VisualStudioVersion = 17.9.34723.18
MinimumVisualStudioVersion = 10.0.40219.1
Project("{9A19103F-16F7-4668-BE54-9A1E7A4F7556}") = "StudentManagerV1", "StudentManagerV1\StudentManagerV1.csproj", "{0EE9AE86-89EB-46E3-ADAE-36403F5545AF}"
EndProject
Project("{FAE04EC0-301F-11D3-BF4B-00C04F79EFBC}") = "StudentManagerV2", "StudentManagerV2\StudentManagerV2.csproj", "{B92E1577-6F81-4DF7-B6B9-C4D0A30C7347}"
EndProject
Project("{FAE04EC0-301F-11D3-BF4B-00C04F79EFBC}") = "StudentManagerV3", "StudentManagerV3\StudentManagerV3.csproj", "{56121A17-E51F-4102-9CBD-FF092971C185}"
EndProject
Project("{FAE04EC0-301F-11D3-BF4B-00C04F79EFBC}") = "StudentManagerV4", "StudentManagerV4\StudentManagerV4.csproj", "{E7AD5BC0-63C3-43FD-819A-F53804DB9758}"
EndProject
Global
	GlobalSection(SolutionConfigurationPlatforms) = preSolution
		Debug|Any CPU = Debug|Any CPU
		Release|Any CPU = Release|Any CPU
	EndGlobalSection
	GlobalSection(ProjectConfigurationPlatforms) = postSolution
		{0EE9AE86-89EB-46E3-ADAE-36403F5545AF}.Debug|Any CPU.ActiveCfg = Debug|Any CPU
		{0EE9AE86-89EB-46E3-ADAE-36403F5545AF}.Debug|Any CPU.Build.0 = Debug|Any CPU
		{0EE9AE86-89EB-46E3-ADAE-36403F5545AF}.Release|Any CPU.ActiveCfg = Release|Any CPU
		{0EE9AE86-89EB-46E3-ADAE-36403F5545AF}.Release|Any CPU.Build.0 = Release|Any CPU
		{B92E1577-6F81-4DF7-B6B9-C4D0A30C7347}.Debug|Any CPU.ActiveCfg = Debug|Any CPU
		{B92E1577-6F81-4DF7-B6B9-C4D0A30C7347}.Debug|Any CPU.Build.0 = Debug|Any CPU
		{B92E1577-6F81-4DF7-B6B9-C4D0A30C7347}.Release|Any CPU.ActiveCfg = Release|Any CPU
		{B92E1577-6F81-4DF7-B6B9-C4D0A30C7347}.Release|Any CPU.Build.0 = Release|Any CPU
		{56121A17-E51F-4102-9CBD-FF092971C185}.Debug|Any CPU.ActiveCfg = Debug|Any CPU
		{56121A17-E51F-4102-9CBD-FF092971C185}.Debug|Any CPU.Build.0 = Debug|Any CPU
		{56121A17-E51F-4102-9CBD-FF092971C185}.Release|Any CPU.ActiveCfg = Release|Any CPU
		{56121A17-E51F-4102-9CBD-FF092971C185}.Release|Any CPU.Build.0 = Release|Any CPU
		{E7AD5BC0-63C3-43FD-819A-F53804DB9758}.Debug|Any CPU.ActiveCfg = Debug|Any CPU
		{E7AD5BC0-63C3-43FD-819A-F53804DB9758}.Debug|Any CPU.Build.0 = Debug|Any CPU
		{E7AD5BC0-63C3-43FD-819A-F53804DB9758}.Release|Any CPU.ActiveCfg = Release|Any CPU
		{E7AD5BC0-63C3-43FD-819A-F53804DB9758}.Release|Any CPU.Build.0 = Release|Any CPU
	EndGlobalSection
	GlobalSection(SolutionProperties) = preSolution
		HideSolutionNode = FALSE
	EndGlobalSection
	GlobalSection(ExtensibilityGlobals) = postSolution
		SolutionGuid = {0EACFE9A-7CD9-46DC-A781-79192CD36824}
	EndGlobalSection
EndGlobal
